
Microsoft Visual Studio Solution File, Format Version 12.00
# Visual Studio 2012
Project("{8BC9CEB8-8B4A-11D0-8D11-00A0C91BC942}") = "Open GL Project", "Open GL Project\Open GL Project.vcxproj", "{CC88333F-627B-441B-B640-0655BE7A0E0C}"
EndProject
Global
	GlobalSection(SolutionConfigurationPlatforms) = preSolution
		Debug|Win32 = Debug|Win32
		Release|Win32 = Release|Win32
	EndGlobalSection
	GlobalSection(ProjectConfigurationPlatforms) = postSolution
		{CC88333F-627B-441B-B640-0655BE7A0E0C}.Debug|Win32.ActiveCfg = Debug|Win32
		{CC88333F-627B-441B-B640-0655BE7A0E0C}.Debug|Win32.Build.0 = Debug|Win32
		{CC88333F-627B-441B-B640-0655BE7A0E0C}.Release|Win32.ActiveCfg = Release|Win32
		{CC88333F-627B-441B-B640-0655BE7A0E0C}.Release|Win32.Build.0 = Release|Win32
	EndGlobalSection
	GlobalSection(SolutionProperties) = preSolution
		HideSolutionNode = FALSE
	EndGlobalSection
EndGlobal
